// !$*UTF8*$!
{
	archiveVersion = 1;
	classes = {
	};
	objectVersion = 46;
	objects = {

/* Begin PBXBuildFile section */
		E326387216DDD8F30062B100 /* Default-568h@2x.png in Resources */ = {isa = PBXBuildFile; fileRef = E326386B16DDD8F30062B100 /* Default-568h@2x.png */; };
		E326387316DDD8F30062B100 /* FBAlbumPicker-Info.plist in Resources */ = {isa = PBXBuildFile; fileRef = E326386C16DDD8F30062B100 /* FBAlbumPicker-Info.plist */; };
		E326387416DDD8F30062B100 /* AppDelegate.m in Sources */ = {isa = PBXBuildFile; fileRef = E326386F16DDD8F30062B100 /* AppDelegate.m */; };
		E326387516DDD8F30062B100 /* main.m in Sources */ = {isa = PBXBuildFile; fileRef = E326387116DDD8F30062B100 /* main.m */; };
		E32638E816DDDA6B0062B100 /* AFHTTPRequestOperation.m in Sources */ = {isa = PBXBuildFile; fileRef = E32638B116DDDA6B0062B100 /* AFHTTPRequestOperation.m */; };
		E32638E916DDDA6B0062B100 /* AFImageRequestOperation.m in Sources */ = {isa = PBXBuildFile; fileRef = E32638B316DDDA6B0062B100 /* AFImageRequestOperation.m */; };
		E32638EA16DDDA6B0062B100 /* AFJSONRequestOperation.m in Sources */ = {isa = PBXBuildFile; fileRef = E32638B516DDDA6B0062B100 /* AFJSONRequestOperation.m */; };
		E32638EB16DDDA6B0062B100 /* AFURLConnectionOperation.m in Sources */ = {isa = PBXBuildFile; fileRef = E32638B816DDDA6B0062B100 /* AFURLConnectionOperation.m */; };
		E32638EC16DDDA6B0062B100 /* UIImageView+AFNetworking.m in Sources */ = {isa = PBXBuildFile; fileRef = E32638BA16DDDA6B0062B100 /* UIImageView+AFNetworking.m */; };
		E326395116DDE2CB0062B100 /* Foundation.framework in Frameworks */ = {isa = PBXBuildFile; fileRef = E378528B16AF42C800BDEDAF /* Foundation.framework */; };
		E326395C16DDE3560062B100 /* AFHTTPRequestOperation.m in Sources */ = {isa = PBXBuildFile; fileRef = E32638B116DDDA6B0062B100 /* AFHTTPRequestOperation.m */; };
		E326395D16DDE3560062B100 /* AFImageRequestOperation.m in Sources */ = {isa = PBXBuildFile; fileRef = E32638B316DDDA6B0062B100 /* AFImageRequestOperation.m */; };
		E326395E16DDE3560062B100 /* AFJSONRequestOperation.m in Sources */ = {isa = PBXBuildFile; fileRef = E32638B516DDDA6B0062B100 /* AFJSONRequestOperation.m */; };
		E326395F16DDE3560062B100 /* AFURLConnectionOperation.m in Sources */ = {isa = PBXBuildFile; fileRef = E32638B816DDDA6B0062B100 /* AFURLConnectionOperation.m */; };
		E326396016DDE3560062B100 /* UIImageView+AFNetworking.m in Sources */ = {isa = PBXBuildFile; fileRef = E32638BA16DDDA6B0062B100 /* UIImageView+AFNetworking.m */; };
		E326399716DDE5430062B100 /* BSFBAlbumPicker.bundle in Resources */ = {isa = PBXBuildFile; fileRef = E326397316DDE5430062B100 /* BSFBAlbumPicker.bundle */; };
		E326399816DDE5430062B100 /* BSFacebookImagePickerController.m in Sources */ = {isa = PBXBuildFile; fileRef = E326397516DDE5430062B100 /* BSFacebookImagePickerController.m */; };
		E326399916DDE5430062B100 /* BSFBImageCropView.m in Sources */ = {isa = PBXBuildFile; fileRef = E326397816DDE5430062B100 /* BSFBImageCropView.m */; };
		E326399A16DDE5430062B100 /* BSFBImageCropViewController.m in Sources */ = {isa = PBXBuildFile; fileRef = E326397A16DDE5430062B100 /* BSFBImageCropViewController.m */; };
		E326399B16DDE5430062B100 /* BSFBCropOverlayView.m in Sources */ = {isa = PBXBuildFile; fileRef = E326397D16DDE5430062B100 /* BSFBCropOverlayView.m */; };
		E326399C16DDE5430062B100 /* BSFBEmptyView.m in Sources */ = {isa = PBXBuildFile; fileRef = E326397F16DDE5430062B100 /* BSFBEmptyView.m */; };
		E326399D16DDE5430062B100 /* BSFBLoadingView.m in Sources */ = {isa = PBXBuildFile; fileRef = E326398116DDE5430062B100 /* BSFBLoadingView.m */; };
		E326399E16DDE5430062B100 /* BSFBLoginView.m in Sources */ = {isa = PBXBuildFile; fileRef = E326398316DDE5430062B100 /* BSFBLoginView.m */; };
		E326399F16DDE5430062B100 /* BSFBPhotoGridTableViewCell.m in Sources */ = {isa = PBXBuildFile; fileRef = E326398516DDE5430062B100 /* BSFBPhotoGridTableViewCell.m */; };
		E32639A016DDE5430062B100 /* BSFacebook.m in Sources */ = {isa = PBXBuildFile; fileRef = E326398816DDE5430062B100 /* BSFacebook.m */; };
		E32639A116DDE5430062B100 /* NSDictionary+HTTPQueryString.m in Sources */ = {isa = PBXBuildFile; fileRef = E326398A16DDE5430062B100 /* NSDictionary+HTTPQueryString.m */; };
		E32639A216DDE5430062B100 /* NSString+HTTPQueryString.m in Sources */ = {isa = PBXBuildFile; fileRef = E326398C16DDE5430062B100 /* NSString+HTTPQueryString.m */; };
		E32639A316DDE5430062B100 /* BSFBAlbumPickerController.m in Sources */ = {isa = PBXBuildFile; fileRef = E326399016DDE5430062B100 /* BSFBAlbumPickerController.m */; };
		E32639A416DDE5430062B100 /* BSFBFriendsViewController.m in Sources */ = {isa = PBXBuildFile; fileRef = E326399216DDE5430062B100 /* BSFBFriendsViewController.m */; };
		E32639A516DDE5430062B100 /* BSFBNetworkViewController.m in Sources */ = {isa = PBXBuildFile; fileRef = E326399416DDE5430062B100 /* BSFBNetworkViewController.m */; };
		E32639A616DDE5430062B100 /* BSFBPhotoGridViewController.m in Sources */ = {isa = PBXBuildFile; fileRef = E326399616DDE5430062B100 /* BSFBPhotoGridViewController.m */; };
		E35DD1BC16BFB1CA00D2E4C8 /* README.markdown in Resources */ = {isa = PBXBuildFile; fileRef = E35DD1BB16BFB1CA00D2E4C8 /* README.markdown */; };
		E378528A16AF42C800BDEDAF /* UIKit.framework in Frameworks */ = {isa = PBXBuildFile; fileRef = E378528916AF42C800BDEDAF /* UIKit.framework */; };
		E378528C16AF42C800BDEDAF /* Foundation.framework in Frameworks */ = {isa = PBXBuildFile; fileRef = E378528B16AF42C800BDEDAF /* Foundation.framework */; };
		E378528E16AF42C800BDEDAF /* CoreGraphics.framework in Frameworks */ = {isa = PBXBuildFile; fileRef = E378528D16AF42C800BDEDAF /* CoreGraphics.framework */; };
		E39990B916D993FE0041ACAC /* SystemConfiguration.framework in Frameworks */ = {isa = PBXBuildFile; fileRef = E39990B816D993FE0041ACAC /* SystemConfiguration.framework */; };
		E39990BB16D994020041ACAC /* MobileCoreServices.framework in Frameworks */ = {isa = PBXBuildFile; fileRef = E39990BA16D994020041ACAC /* MobileCoreServices.framework */; };
/* End PBXBuildFile section */

/* Begin PBXCopyFilesBuildPhase section */
		E326394E16DDE2CB0062B100 /* CopyFiles */ = {
			isa = PBXCopyFilesBuildPhase;
			buildActionMask = 2147483647;
			dstPath = "include/${PRODUCT_NAME}";
			dstSubfolderSpec = 16;
			files = (
			);
			runOnlyForDeploymentPostprocessing = 0;
		};
/* End PBXCopyFilesBuildPhase section */

/* Begin PBXFileReference section */
		E326386B16DDD8F30062B100 /* Default-568h@2x.png */ = {isa = PBXFileReference; lastKnownFileType = image.png; path = "Default-568h@2x.png"; sourceTree = "<group>"; };
		E326386C16DDD8F30062B100 /* FBAlbumPicker-Info.plist */ = {isa = PBXFileReference; lastKnownFileType = text.plist; path = "FBAlbumPicker-Info.plist"; sourceTree = "<group>"; };
		E326386E16DDD8F30062B100 /* AppDelegate.h */ = {isa = PBXFileReference; fileEncoding = 4; lastKnownFileType = sourcecode.c.h; path = AppDelegate.h; sourceTree = "<group>"; };
		E326386F16DDD8F30062B100 /* AppDelegate.m */ = {isa = PBXFileReference; fileEncoding = 4; lastKnownFileType = sourcecode.c.objc; path = AppDelegate.m; sourceTree = "<group>"; };
		E326387016DDD8F30062B100 /* Demo-Prefix.pch */ = {isa = PBXFileReference; fileEncoding = 4; lastKnownFileType = sourcecode.c.h; path = "Demo-Prefix.pch"; sourceTree = "<group>"; };
		E326387116DDD8F30062B100 /* main.m */ = {isa = PBXFileReference; fileEncoding = 4; lastKnownFileType = sourcecode.c.objc; path = main.m; sourceTree = "<group>"; };
		E32638B016DDDA6B0062B100 /* AFHTTPRequestOperation.h */ = {isa = PBXFileReference; fileEncoding = 4; lastKnownFileType = sourcecode.c.h; path = AFHTTPRequestOperation.h; sourceTree = "<group>"; };
		E32638B116DDDA6B0062B100 /* AFHTTPRequestOperation.m */ = {isa = PBXFileReference; fileEncoding = 4; lastKnownFileType = sourcecode.c.objc; path = AFHTTPRequestOperation.m; sourceTree = "<group>"; };
		E32638B216DDDA6B0062B100 /* AFImageRequestOperation.h */ = {isa = PBXFileReference; fileEncoding = 4; lastKnownFileType = sourcecode.c.h; path = AFImageRequestOperation.h; sourceTree = "<group>"; };
		E32638B316DDDA6B0062B100 /* AFImageRequestOperation.m */ = {isa = PBXFileReference; fileEncoding = 4; lastKnownFileType = sourcecode.c.objc; path = AFImageRequestOperation.m; sourceTree = "<group>"; };
		E32638B416DDDA6B0062B100 /* AFJSONRequestOperation.h */ = {isa = PBXFileReference; fileEncoding = 4; lastKnownFileType = sourcecode.c.h; path = AFJSONRequestOperation.h; sourceTree = "<group>"; };
		E32638B516DDDA6B0062B100 /* AFJSONRequestOperation.m */ = {isa = PBXFileReference; fileEncoding = 4; lastKnownFileType = sourcecode.c.objc; path = AFJSONRequestOperation.m; sourceTree = "<group>"; };
		E32638B616DDDA6B0062B100 /* AFNetworking.h */ = {isa = PBXFileReference; fileEncoding = 4; lastKnownFileType = sourcecode.c.h; path = AFNetworking.h; sourceTree = "<group>"; };
		E32638B716DDDA6B0062B100 /* AFURLConnectionOperation.h */ = {isa = PBXFileReference; fileEncoding = 4; lastKnownFileType = sourcecode.c.h; path = AFURLConnectionOperation.h; sourceTree = "<group>"; };
		E32638B816DDDA6B0062B100 /* AFURLConnectionOperation.m */ = {isa = PBXFileReference; fileEncoding = 4; lastKnownFileType = sourcecode.c.objc; path = AFURLConnectionOperation.m; sourceTree = "<group>"; };
		E32638B916DDDA6B0062B100 /* UIImageView+AFNetworking.h */ = {isa = PBXFileReference; fileEncoding = 4; lastKnownFileType = sourcecode.c.h; path = "UIImageView+AFNetworking.h"; sourceTree = "<group>"; };
		E32638BA16DDDA6B0062B100 /* UIImageView+AFNetworking.m */ = {isa = PBXFileReference; fileEncoding = 4; lastKnownFileType = sourcecode.c.objc; path = "UIImageView+AFNetworking.m"; sourceTree = "<group>"; };
		E326395016DDE2CB0062B100 /* liblibFBImagePicker.a */ = {isa = PBXFileReference; explicitFileType = archive.ar; includeInIndex = 0; path = liblibFBImagePicker.a; sourceTree = BUILT_PRODUCTS_DIR; };
		E326397216DDE5430062B100 /* BSFacebookImagePickerController.h */ = {isa = PBXFileReference; fileEncoding = 4; lastKnownFileType = sourcecode.c.h; path = BSFacebookImagePickerController.h; sourceTree = "<group>"; };
		E326397316DDE5430062B100 /* BSFBAlbumPicker.bundle */ = {isa = PBXFileReference; lastKnownFileType = "wrapper.plug-in"; path = BSFBAlbumPicker.bundle; sourceTree = "<group>"; };
		E326397516DDE5430062B100 /* BSFacebookImagePickerController.m */ = {isa = PBXFileReference; fileEncoding = 4; lastKnownFileType = sourcecode.c.objc; path = BSFacebookImagePickerController.m; sourceTree = "<group>"; };
		E326397716DDE5430062B100 /* BSFBImageCropView.h */ = {isa = PBXFileReference; fileEncoding = 4; lastKnownFileType = sourcecode.c.h; path = BSFBImageCropView.h; sourceTree = "<group>"; };
		E326397816DDE5430062B100 /* BSFBImageCropView.m */ = {isa = PBXFileReference; fileEncoding = 4; lastKnownFileType = sourcecode.c.objc; path = BSFBImageCropView.m; sourceTree = "<group>"; };
		E326397916DDE5430062B100 /* BSFBImageCropViewController.h */ = {isa = PBXFileReference; fileEncoding = 4; lastKnownFileType = sourcecode.c.h; path = BSFBImageCropViewController.h; sourceTree = "<group>"; };
		E326397A16DDE5430062B100 /* BSFBImageCropViewController.m */ = {isa = PBXFileReference; fileEncoding = 4; lastKnownFileType = sourcecode.c.objc; path = BSFBImageCropViewController.m; sourceTree = "<group>"; };
		E326397C16DDE5430062B100 /* BSFBCropOverlayView.h */ = {isa = PBXFileReference; fileEncoding = 4; lastKnownFileType = sourcecode.c.h; path = BSFBCropOverlayView.h; sourceTree = "<group>"; };
		E326397D16DDE5430062B100 /* BSFBCropOverlayView.m */ = {isa = PBXFileReference; fileEncoding = 4; lastKnownFileType = sourcecode.c.objc; path = BSFBCropOverlayView.m; sourceTree = "<group>"; };
		E326397E16DDE5430062B100 /* BSFBEmptyView.h */ = {isa = PBXFileReference; fileEncoding = 4; lastKnownFileType = sourcecode.c.h; path = BSFBEmptyView.h; sourceTree = "<group>"; };
		E326397F16DDE5430062B100 /* BSFBEmptyView.m */ = {isa = PBXFileReference; fileEncoding = 4; lastKnownFileType = sourcecode.c.objc; path = BSFBEmptyView.m; sourceTree = "<group>"; };
		E326398016DDE5430062B100 /* BSFBLoadingView.h */ = {isa = PBXFileReference; fileEncoding = 4; lastKnownFileType = sourcecode.c.h; path = BSFBLoadingView.h; sourceTree = "<group>"; };
		E326398116DDE5430062B100 /* BSFBLoadingView.m */ = {isa = PBXFileReference; fileEncoding = 4; lastKnownFileType = sourcecode.c.objc; path = BSFBLoadingView.m; sourceTree = "<group>"; };
		E326398216DDE5430062B100 /* BSFBLoginView.h */ = {isa = PBXFileReference; fileEncoding = 4; lastKnownFileType = sourcecode.c.h; path = BSFBLoginView.h; sourceTree = "<group>"; };
		E326398316DDE5430062B100 /* BSFBLoginView.m */ = {isa = PBXFileReference; fileEncoding = 4; lastKnownFileType = sourcecode.c.objc; path = BSFBLoginView.m; sourceTree = "<group>"; };
		E326398416DDE5430062B100 /* BSFBPhotoGridTableViewCell.h */ = {isa = PBXFileReference; fileEncoding = 4; lastKnownFileType = sourcecode.c.h; path = BSFBPhotoGridTableViewCell.h; sourceTree = "<group>"; };
		E326398516DDE5430062B100 /* BSFBPhotoGridTableViewCell.m */ = {isa = PBXFileReference; fileEncoding = 4; lastKnownFileType = sourcecode.c.objc; path = BSFBPhotoGridTableViewCell.m; sourceTree = "<group>"; };
		E326398716DDE5430062B100 /* BSFacebook.h */ = {isa = PBXFileReference; fileEncoding = 4; lastKnownFileType = sourcecode.c.h; path = BSFacebook.h; sourceTree = "<group>"; };
		E326398816DDE5430062B100 /* BSFacebook.m */ = {isa = PBXFileReference; fileEncoding = 4; lastKnownFileType = sourcecode.c.objc; path = BSFacebook.m; sourceTree = "<group>"; };
		E326398916DDE5430062B100 /* NSDictionary+HTTPQueryString.h */ = {isa = PBXFileReference; fileEncoding = 4; lastKnownFileType = sourcecode.c.h; path = "NSDictionary+HTTPQueryString.h"; sourceTree = "<group>"; };
		E326398A16DDE5430062B100 /* NSDictionary+HTTPQueryString.m */ = {isa = PBXFileReference; fileEncoding = 4; lastKnownFileType = sourcecode.c.objc; path = "NSDictionary+HTTPQueryString.m"; sourceTree = "<group>"; };
		E326398B16DDE5430062B100 /* NSString+HTTPQueryString.h */ = {isa = PBXFileReference; fileEncoding = 4; lastKnownFileType = sourcecode.c.h; path = "NSString+HTTPQueryString.h"; sourceTree = "<group>"; };
		E326398C16DDE5430062B100 /* NSString+HTTPQueryString.m */ = {isa = PBXFileReference; fileEncoding = 4; lastKnownFileType = sourcecode.c.objc; path = "NSString+HTTPQueryString.m"; sourceTree = "<group>"; };
		E326398D16DDE5430062B100 /* libFBImagePicker.pch */ = {isa = PBXFileReference; fileEncoding = 4; lastKnownFileType = sourcecode.c.h; path = libFBImagePicker.pch; sourceTree = "<group>"; };
		E326398F16DDE5430062B100 /* BSFBAlbumPickerController.h */ = {isa = PBXFileReference; fileEncoding = 4; lastKnownFileType = sourcecode.c.h; path = BSFBAlbumPickerController.h; sourceTree = "<group>"; };
		E326399016DDE5430062B100 /* BSFBAlbumPickerController.m */ = {isa = PBXFileReference; fileEncoding = 4; lastKnownFileType = sourcecode.c.objc; path = BSFBAlbumPickerController.m; sourceTree = "<group>"; };
		E326399116DDE5430062B100 /* BSFBFriendsViewController.h */ = {isa = PBXFileReference; fileEncoding = 4; lastKnownFileType = sourcecode.c.h; path = BSFBFriendsViewController.h; sourceTree = "<group>"; };
		E326399216DDE5430062B100 /* BSFBFriendsViewController.m */ = {isa = PBXFileReference; fileEncoding = 4; lastKnownFileType = sourcecode.c.objc; path = BSFBFriendsViewController.m; sourceTree = "<group>"; };
		E326399316DDE5430062B100 /* BSFBNetworkViewController.h */ = {isa = PBXFileReference; fileEncoding = 4; lastKnownFileType = sourcecode.c.h; path = BSFBNetworkViewController.h; sourceTree = "<group>"; };
		E326399416DDE5430062B100 /* BSFBNetworkViewController.m */ = {isa = PBXFileReference; fileEncoding = 4; lastKnownFileType = sourcecode.c.objc; path = BSFBNetworkViewController.m; sourceTree = "<group>"; };
		E326399516DDE5430062B100 /* BSFBPhotoGridViewController.h */ = {isa = PBXFileReference; fileEncoding = 4; lastKnownFileType = sourcecode.c.h; path = BSFBPhotoGridViewController.h; sourceTree = "<group>"; };
		E326399616DDE5430062B100 /* BSFBPhotoGridViewController.m */ = {isa = PBXFileReference; fileEncoding = 4; lastKnownFileType = sourcecode.c.objc; path = BSFBPhotoGridViewController.m; sourceTree = "<group>"; };
		E35DD1BB16BFB1CA00D2E4C8 /* README.markdown */ = {isa = PBXFileReference; fileEncoding = 4; lastKnownFileType = text; path = README.markdown; sourceTree = "<group>"; };
		E378528516AF42C800BDEDAF /* FBImagePicker.app */ = {isa = PBXFileReference; explicitFileType = wrapper.application; includeInIndex = 0; path = FBImagePicker.app; sourceTree = BUILT_PRODUCTS_DIR; };
		E378528916AF42C800BDEDAF /* UIKit.framework */ = {isa = PBXFileReference; lastKnownFileType = wrapper.framework; name = UIKit.framework; path = System/Library/Frameworks/UIKit.framework; sourceTree = SDKROOT; };
		E378528B16AF42C800BDEDAF /* Foundation.framework */ = {isa = PBXFileReference; lastKnownFileType = wrapper.framework; name = Foundation.framework; path = System/Library/Frameworks/Foundation.framework; sourceTree = SDKROOT; };
		E378528D16AF42C800BDEDAF /* CoreGraphics.framework */ = {isa = PBXFileReference; lastKnownFileType = wrapper.framework; name = CoreGraphics.framework; path = System/Library/Frameworks/CoreGraphics.framework; sourceTree = SDKROOT; };
		E39990B816D993FE0041ACAC /* SystemConfiguration.framework */ = {isa = PBXFileReference; lastKnownFileType = wrapper.framework; name = SystemConfiguration.framework; path = System/Library/Frameworks/SystemConfiguration.framework; sourceTree = SDKROOT; };
		E39990BA16D994020041ACAC /* MobileCoreServices.framework */ = {isa = PBXFileReference; lastKnownFileType = wrapper.framework; name = MobileCoreServices.framework; path = System/Library/Frameworks/MobileCoreServices.framework; sourceTree = SDKROOT; };
/* End PBXFileReference section */

/* Begin PBXFrameworksBuildPhase section */
		E326394D16DDE2CB0062B100 /* Frameworks */ = {
			isa = PBXFrameworksBuildPhase;
			buildActionMask = 2147483647;
			files = (
				E326395116DDE2CB0062B100 /* Foundation.framework in Frameworks */,
			);
			runOnlyForDeploymentPostprocessing = 0;
		};
		E378528216AF42C800BDEDAF /* Frameworks */ = {
			isa = PBXFrameworksBuildPhase;
			buildActionMask = 2147483647;
			files = (
				E39990BB16D994020041ACAC /* MobileCoreServices.framework in Frameworks */,
				E39990B916D993FE0041ACAC /* SystemConfiguration.framework in Frameworks */,
				E378528A16AF42C800BDEDAF /* UIKit.framework in Frameworks */,
				E378528C16AF42C800BDEDAF /* Foundation.framework in Frameworks */,
				E378528E16AF42C800BDEDAF /* CoreGraphics.framework in Frameworks */,
			);
			runOnlyForDeploymentPostprocessing = 0;
		};
/* End PBXFrameworksBuildPhase section */

/* Begin PBXGroup section */
		E326386916DDD8F30062B100 /* Demo */ = {
			isa = PBXGroup;
			children = (
				E326386A16DDD8F30062B100 /* Resources */,
				E326386D16DDD8F30062B100 /* Source */,
			);
			path = Demo;
			sourceTree = "<group>";
		};
		E326386A16DDD8F30062B100 /* Resources */ = {
			isa = PBXGroup;
			children = (
				E326386B16DDD8F30062B100 /* Default-568h@2x.png */,
				E326386C16DDD8F30062B100 /* FBAlbumPicker-Info.plist */,
			);
			path = Resources;
			sourceTree = "<group>";
		};
		E326386D16DDD8F30062B100 /* Source */ = {
			isa = PBXGroup;
			children = (
				E326386E16DDD8F30062B100 /* AppDelegate.h */,
				E326386F16DDD8F30062B100 /* AppDelegate.m */,
				E326387016DDD8F30062B100 /* Demo-Prefix.pch */,
				E326387116DDD8F30062B100 /* main.m */,
			);
			path = Source;
			sourceTree = "<group>";
		};
		E32638AC16DDDA6B0062B100 /* External */ = {
			isa = PBXGroup;
			children = (
				E32638AD16DDDA6B0062B100 /* AFNetworking */,
			);
			path = External;
			sourceTree = "<group>";
		};
		E32638AD16DDDA6B0062B100 /* AFNetworking */ = {
			isa = PBXGroup;
			children = (
				E32638AF16DDDA6B0062B100 /* AFNetworking */,
			);
			path = AFNetworking;
			sourceTree = "<group>";
		};
		E32638AF16DDDA6B0062B100 /* AFNetworking */ = {
			isa = PBXGroup;
			children = (
				E32638B016DDDA6B0062B100 /* AFHTTPRequestOperation.h */,
				E32638B116DDDA6B0062B100 /* AFHTTPRequestOperation.m */,
				E32638B216DDDA6B0062B100 /* AFImageRequestOperation.h */,
				E32638B316DDDA6B0062B100 /* AFImageRequestOperation.m */,
				E32638B416DDDA6B0062B100 /* AFJSONRequestOperation.h */,
				E32638B516DDDA6B0062B100 /* AFJSONRequestOperation.m */,
				E32638B616DDDA6B0062B100 /* AFNetworking.h */,
				E32638B716DDDA6B0062B100 /* AFURLConnectionOperation.h */,
				E32638B816DDDA6B0062B100 /* AFURLConnectionOperation.m */,
				E32638B916DDDA6B0062B100 /* UIImageView+AFNetworking.h */,
				E32638BA16DDDA6B0062B100 /* UIImageView+AFNetworking.m */,
			);
			path = AFNetworking;
			sourceTree = "<group>";
		};
		E326397016DDE5430062B100 /* BSFacebookImagePicker */ = {
			isa = PBXGroup;
			children = (
				E326397116DDE5430062B100 /* Public */,
				E326397416DDE5430062B100 /* Source */,
			);
			path = BSFacebookImagePicker;
			sourceTree = "<group>";
		};
		E326397116DDE5430062B100 /* Public */ = {
			isa = PBXGroup;
			children = (
				E326397216DDE5430062B100 /* BSFacebookImagePickerController.h */,
				E326397316DDE5430062B100 /* BSFBAlbumPicker.bundle */,
			);
			path = Public;
			sourceTree = "<group>";
		};
		E326397416DDE5430062B100 /* Source */ = {
			isa = PBXGroup;
			children = (
				E326397516DDE5430062B100 /* BSFacebookImagePickerController.m */,
				E326397616DDE5430062B100 /* Cropping */,
				E326397B16DDE5430062B100 /* CustomViewsAndCells */,
				E326398616DDE5430062B100 /* FacebookAuth */,
				E326398D16DDE5430062B100 /* libFBImagePicker.pch */,
				E326398E16DDE5430062B100 /* PrivateViewControllers */,
			);
			path = Source;
			sourceTree = "<group>";
		};
		E326397616DDE5430062B100 /* Cropping */ = {
			isa = PBXGroup;
			children = (
				E326397716DDE5430062B100 /* BSFBImageCropView.h */,
				E326397816DDE5430062B100 /* BSFBImageCropView.m */,
				E326397916DDE5430062B100 /* BSFBImageCropViewController.h */,
				E326397A16DDE5430062B100 /* BSFBImageCropViewController.m */,
			);
			path = Cropping;
			sourceTree = "<group>";
		};
		E326397B16DDE5430062B100 /* CustomViewsAndCells */ = {
			isa = PBXGroup;
			children = (
				E326397C16DDE5430062B100 /* BSFBCropOverlayView.h */,
				E326397D16DDE5430062B100 /* BSFBCropOverlayView.m */,
				E326397E16DDE5430062B100 /* BSFBEmptyView.h */,
				E326397F16DDE5430062B100 /* BSFBEmptyView.m */,
				E326398016DDE5430062B100 /* BSFBLoadingView.h */,
				E326398116DDE5430062B100 /* BSFBLoadingView.m */,
				E326398216DDE5430062B100 /* BSFBLoginView.h */,
				E326398316DDE5430062B100 /* BSFBLoginView.m */,
				E326398416DDE5430062B100 /* BSFBPhotoGridTableViewCell.h */,
				E326398516DDE5430062B100 /* BSFBPhotoGridTableViewCell.m */,
			);
			path = CustomViewsAndCells;
			sourceTree = "<group>";
		};
		E326398616DDE5430062B100 /* FacebookAuth */ = {
			isa = PBXGroup;
			children = (
				E326398716DDE5430062B100 /* BSFacebook.h */,
				E326398816DDE5430062B100 /* BSFacebook.m */,
				E326398916DDE5430062B100 /* NSDictionary+HTTPQueryString.h */,
				E326398A16DDE5430062B100 /* NSDictionary+HTTPQueryString.m */,
				E326398B16DDE5430062B100 /* NSString+HTTPQueryString.h */,
				E326398C16DDE5430062B100 /* NSString+HTTPQueryString.m */,
			);
			path = FacebookAuth;
			sourceTree = "<group>";
		};
		E326398E16DDE5430062B100 /* PrivateViewControllers */ = {
			isa = PBXGroup;
			children = (
				E326398F16DDE5430062B100 /* BSFBAlbumPickerController.h */,
				E326399016DDE5430062B100 /* BSFBAlbumPickerController.m */,
				E326399116DDE5430062B100 /* BSFBFriendsViewController.h */,
				E326399216DDE5430062B100 /* BSFBFriendsViewController.m */,
				E326399316DDE5430062B100 /* BSFBNetworkViewController.h */,
				E326399416DDE5430062B100 /* BSFBNetworkViewController.m */,
				E326399516DDE5430062B100 /* BSFBPhotoGridViewController.h */,
				E326399616DDE5430062B100 /* BSFBPhotoGridViewController.m */,
			);
			path = PrivateViewControllers;
			sourceTree = "<group>";
		};
		E378527A16AF42C800BDEDAF = {
			isa = PBXGroup;
			children = (
				E35DD1BB16BFB1CA00D2E4C8 /* README.markdown */,
				E326397016DDE5430062B100 /* BSFacebookImagePicker */,
				E326386916DDD8F30062B100 /* Demo */,
				E32638AC16DDDA6B0062B100 /* External */,
				E378528816AF42C800BDEDAF /* Frameworks */,
				E378528616AF42C800BDEDAF /* Products */,
			);
			sourceTree = "<group>";
		};
		E378528616AF42C800BDEDAF /* Products */ = {
			isa = PBXGroup;
			children = (
				E378528516AF42C800BDEDAF /* FBImagePicker.app */,
				E326395016DDE2CB0062B100 /* liblibFBImagePicker.a */,
			);
			name = Products;
			sourceTree = "<group>";
		};
		E378528816AF42C800BDEDAF /* Frameworks */ = {
			isa = PBXGroup;
			children = (
				E39990BA16D994020041ACAC /* MobileCoreServices.framework */,
				E39990B816D993FE0041ACAC /* SystemConfiguration.framework */,
				E378528916AF42C800BDEDAF /* UIKit.framework */,
				E378528B16AF42C800BDEDAF /* Foundation.framework */,
				E378528D16AF42C800BDEDAF /* CoreGraphics.framework */,
			);
			name = Frameworks;
			sourceTree = "<group>";
		};
/* End PBXGroup section */

/* Begin PBXNativeTarget section */
		E326394F16DDE2CB0062B100 /* libFBImagePicker */ = {
			isa = PBXNativeTarget;
			buildConfigurationList = E326395916DDE2CB0062B100 /* Build configuration list for PBXNativeTarget "libFBImagePicker" */;
			buildPhases = (
				E326394C16DDE2CB0062B100 /* Sources */,
				E326394D16DDE2CB0062B100 /* Frameworks */,
				E326394E16DDE2CB0062B100 /* CopyFiles */,
			);
			buildRules = (
			);
			dependencies = (
			);
			name = libFBImagePicker;
			productName = libBSFacebookImagePickerController;
			productReference = E326395016DDE2CB0062B100 /* liblibFBImagePicker.a */;
			productType = "com.apple.product-type.library.static";
		};
		E378528416AF42C800BDEDAF /* FBImagePicker */ = {
			isa = PBXNativeTarget;
			buildConfigurationList = E37852A316AF42C800BDEDAF /* Build configuration list for PBXNativeTarget "FBImagePicker" */;
			buildPhases = (
				E378528116AF42C800BDEDAF /* Sources */,
				E378528216AF42C800BDEDAF /* Frameworks */,
				E378528316AF42C800BDEDAF /* Resources */,
			);
			buildRules = (
			);
			dependencies = (
			);
			name = FBImagePicker;
			productName = FBAlbumPicker;
			productReference = E378528516AF42C800BDEDAF /* FBImagePicker.app */;
			productType = "com.apple.product-type.application";
		};
/* End PBXNativeTarget section */

/* Begin PBXProject section */
		E378527C16AF42C800BDEDAF /* Project object */ = {
			isa = PBXProject;
			attributes = {
				CLASSPREFIX = CX;
				LastUpgradeCheck = 0450;
				ORGANIZATIONNAME = "Brad Smith";
			};
			buildConfigurationList = E378527F16AF42C800BDEDAF /* Build configuration list for PBXProject "BSFacebookImagePicker" */;
			compatibilityVersion = "Xcode 3.2";
			developmentRegion = English;
			hasScannedForEncodings = 0;
			knownRegions = (
				en,
			);
			mainGroup = E378527A16AF42C800BDEDAF;
			productRefGroup = E378528616AF42C800BDEDAF /* Products */;
			projectDirPath = "";
			projectRoot = "";
			targets = (
				E378528416AF42C800BDEDAF /* FBImagePicker */,
				E326394F16DDE2CB0062B100 /* libFBImagePicker */,
			);
		};
/* End PBXProject section */

/* Begin PBXResourcesBuildPhase section */
		E378528316AF42C800BDEDAF /* Resources */ = {
			isa = PBXResourcesBuildPhase;
			buildActionMask = 2147483647;
			files = (
				E35DD1BC16BFB1CA00D2E4C8 /* README.markdown in Resources */,
				E326387216DDD8F30062B100 /* Default-568h@2x.png in Resources */,
				E326387316DDD8F30062B100 /* FBAlbumPicker-Info.plist in Resources */,
				E326399716DDE5430062B100 /* BSFBAlbumPicker.bundle in Resources */,
			);
			runOnlyForDeploymentPostprocessing = 0;
		};
/* End PBXResourcesBuildPhase section */

/* Begin PBXSourcesBuildPhase section */
		E326394C16DDE2CB0062B100 /* Sources */ = {
			isa = PBXSourcesBuildPhase;
			buildActionMask = 2147483647;
			files = (
				E326395C16DDE3560062B100 /* AFHTTPRequestOperation.m in Sources */,
				E326395D16DDE3560062B100 /* AFImageRequestOperation.m in Sources */,
				E326395E16DDE3560062B100 /* AFJSONRequestOperation.m in Sources */,
				E326395F16DDE3560062B100 /* AFURLConnectionOperation.m in Sources */,
				E326396016DDE3560062B100 /* UIImageView+AFNetworking.m in Sources */,
			);
			runOnlyForDeploymentPostprocessing = 0;
		};
		E378528116AF42C800BDEDAF /* Sources */ = {
			isa = PBXSourcesBuildPhase;
			buildActionMask = 2147483647;
			files = (
				E326387416DDD8F30062B100 /* AppDelegate.m in Sources */,
				E326387516DDD8F30062B100 /* main.m in Sources */,
				E32638E816DDDA6B0062B100 /* AFHTTPRequestOperation.m in Sources */,
				E32638E916DDDA6B0062B100 /* AFImageRequestOperation.m in Sources */,
				E32638EA16DDDA6B0062B100 /* AFJSONRequestOperation.m in Sources */,
				E32638EB16DDDA6B0062B100 /* AFURLConnectionOperation.m in Sources */,
				E32638EC16DDDA6B0062B100 /* UIImageView+AFNetworking.m in Sources */,
				E326399816DDE5430062B100 /* BSFacebookImagePickerController.m in Sources */,
				E326399916DDE5430062B100 /* BSFBImageCropView.m in Sources */,
				E326399A16DDE5430062B100 /* BSFBImageCropViewController.m in Sources */,
				E326399B16DDE5430062B100 /* BSFBCropOverlayView.m in Sources */,
				E326399C16DDE5430062B100 /* BSFBEmptyView.m in Sources */,
				E326399D16DDE5430062B100 /* BSFBLoadingView.m in Sources */,
				E326399E16DDE5430062B100 /* BSFBLoginView.m in Sources */,
				E326399F16DDE5430062B100 /* BSFBPhotoGridTableViewCell.m in Sources */,
				E32639A016DDE5430062B100 /* BSFacebook.m in Sources */,
				E32639A116DDE5430062B100 /* NSDictionary+HTTPQueryString.m in Sources */,
				E32639A216DDE5430062B100 /* NSString+HTTPQueryString.m in Sources */,
				E32639A316DDE5430062B100 /* BSFBAlbumPickerController.m in Sources */,
				E32639A416DDE5430062B100 /* BSFBFriendsViewController.m in Sources */,
				E32639A516DDE5430062B100 /* BSFBNetworkViewController.m in Sources */,
				E32639A616DDE5430062B100 /* BSFBPhotoGridViewController.m in Sources */,
			);
			runOnlyForDeploymentPostprocessing = 0;
		};
/* End PBXSourcesBuildPhase section */

/* Begin XCBuildConfiguration section */
		E326395A16DDE2CB0062B100 /* Debug */ = {
			isa = XCBuildConfiguration;
			buildSettings = {
				CLANG_ENABLE_OBJC_ARC = YES;
				CLANG_WARN_CONSTANT_CONVERSION = YES;
				CLANG_WARN_ENUM_CONVERSION = YES;
				CLANG_WARN_INT_CONVERSION = YES;
				DSTROOT = /tmp/libBSFacebookImagePickerController.dst;
				GCC_PRECOMPILE_PREFIX_HEADER = YES;
				GCC_PREFIX_HEADER = BSFacebookImagePicker/Source/libFBImagePicker.pch;
				IPHONEOS_DEPLOYMENT_TARGET = 6.1;
				OTHER_LDFLAGS = "-ObjC";
				PRODUCT_NAME = "$(TARGET_NAME)";
				SKIP_INSTALL = YES;
			};
			name = Debug;
		};
		E326395B16DDE2CB0062B100 /* Release */ = {
			isa = XCBuildConfiguration;
			buildSettings = {
				CLANG_ENABLE_OBJC_ARC = YES;
				CLANG_WARN_CONSTANT_CONVERSION = YES;
				CLANG_WARN_ENUM_CONVERSION = YES;
				CLANG_WARN_INT_CONVERSION = YES;
				DSTROOT = /tmp/libBSFacebookImagePickerController.dst;
				GCC_PRECOMPILE_PREFIX_HEADER = YES;
				GCC_PREFIX_HEADER = BSFacebookImagePicker/Source/libFBImagePicker.pch;
				IPHONEOS_DEPLOYMENT_TARGET = 6.1;
				OTHER_LDFLAGS = "-ObjC";
				PRODUCT_NAME = "$(TARGET_NAME)";
				SKIP_INSTALL = YES;
			};
			name = Release;
		};
		E37852A116AF42C800BDEDAF /* Debug */ = {
			isa = XCBuildConfiguration;
			buildSettings = {
				ALWAYS_SEARCH_USER_PATHS = NO;
				CLANG_CXX_LANGUAGE_STANDARD = "gnu++0x";
				CLANG_CXX_LIBRARY = "libc++";
				CLANG_WARN_EMPTY_BODY = YES;
				CLANG_WARN__DUPLICATE_METHOD_MATCH = YES;
				"CODE_SIGN_IDENTITY[sdk=iphoneos*]" = "iPhone Developer";
				COPY_PHASE_STRIP = NO;
				GCC_C_LANGUAGE_STANDARD = gnu99;
				GCC_DYNAMIC_NO_PIC = NO;
				GCC_OPTIMIZATION_LEVEL = 0;
				GCC_PREPROCESSOR_DEFINITIONS = (
					"DEBUG=1",
					"$(inherited)",
				);
				GCC_SYMBOLS_PRIVATE_EXTERN = NO;
				GCC_WARN_ABOUT_RETURN_TYPE = YES;
				GCC_WARN_UNINITIALIZED_AUTOS = YES;
				GCC_WARN_UNUSED_VARIABLE = YES;
				IPHONEOS_DEPLOYMENT_TARGET = 6.0;
				ONLY_ACTIVE_ARCH = YES;
				SDKROOT = iphoneos;
			};
			name = Debug;
		};
		E37852A216AF42C800BDEDAF /* Release */ = {
			isa = XCBuildConfiguration;
			buildSettings = {
				ALWAYS_SEARCH_USER_PATHS = NO;
				CLANG_CXX_LANGUAGE_STANDARD = "gnu++0x";
				CLANG_CXX_LIBRARY = "libc++";
				CLANG_WARN_EMPTY_BODY = YES;
				CLANG_WARN__DUPLICATE_METHOD_MATCH = YES;
				"CODE_SIGN_IDENTITY[sdk=iphoneos*]" = "iPhone Developer";
				COPY_PHASE_STRIP = YES;
				GCC_C_LANGUAGE_STANDARD = gnu99;
				GCC_WARN_ABOUT_RETURN_TYPE = YES;
				GCC_WARN_UNINITIALIZED_AUTOS = YES;
				GCC_WARN_UNUSED_VARIABLE = YES;
				IPHONEOS_DEPLOYMENT_TARGET = 6.0;
				OTHER_CFLAGS = "-DNS_BLOCK_ASSERTIONS=1";
				SDKROOT = iphoneos;
				VALIDATE_PRODUCT = YES;
			};
			name = Release;
		};
		E37852A416AF42C800BDEDAF /* Debug */ = {
			isa = XCBuildConfiguration;
			buildSettings = {
				CLANG_ENABLE_OBJC_ARC = YES;
				GCC_PRECOMPILE_PREFIX_HEADER = YES;
				GCC_PREFIX_HEADER = "Demo/Source/Demo-Prefix.pch";
				INFOPLIST_FILE = "Demo/Resources/FBAlbumPicker-Info.plist";
				IPHONEOS_DEPLOYMENT_TARGET = 5.0;
				PRODUCT_NAME = "$(TARGET_NAME)";
				WRAPPER_EXTENSION = app;
			};
			name = Debug;
		};
		E37852A516AF42C800BDEDAF /* Release */ = {
			isa = XCBuildConfiguration;
			buildSettings = {
				CLANG_ENABLE_OBJC_ARC = YES;
				GCC_PRECOMPILE_PREFIX_HEADER = YES;
				GCC_PREFIX_HEADER = "Demo/Source/Demo-Prefix.pch";
				INFOPLIST_FILE = "Demo/Resources/FBAlbumPicker-Info.plist";
				IPHONEOS_DEPLOYMENT_TARGET = 5.0;
				PRODUCT_NAME = "$(TARGET_NAME)";
				WRAPPER_EXTENSION = app;
			};
			name = Release;
		};
/* End XCBuildConfiguration section */

/* Begin XCConfigurationList section */
		E326395916DDE2CB0062B100 /* Build configuration list for PBXNativeTarget "libFBImagePicker" */ = {
			isa = XCConfigurationList;
			buildConfigurations = (
				E326395A16DDE2CB0062B100 /* Debug */,
				E326395B16DDE2CB0062B100 /* Release */,
			);
			defaultConfigurationIsVisible = 0;
			defaultConfigurationName = Release;
		};
		E378527F16AF42C800BDEDAF /* Build configuration list for PBXProject "BSFacebookImagePicker" */ = {
			isa = XCConfigurationList;
			buildConfigurations = (
				E37852A116AF42C800BDEDAF /* Debug */,
				E37852A216AF42C800BDEDAF /* Release */,
			);
			defaultConfigurationIsVisible = 0;
			defaultConfigurationName = Release;
		};
		E37852A316AF42C800BDEDAF /* Build configuration list for PBXNativeTarget "FBImagePicker" */ = {
			isa = XCConfigurationList;
			buildConfigurations = (
				E37852A416AF42C800BDEDAF /* Debug */,
				E37852A516AF42C800BDEDAF /* Release */,
			);
			defaultConfigurationIsVisible = 0;
			defaultConfigurationName = Release;
		};
/* End XCConfigurationList section */
	};
	rootObject = E378527C16AF42C800BDEDAF /* Project object */;
}
