// !$*UTF8*$!
{
	archiveVersion = 1;
	classes = {
	};
	objectVersion = 46;
	objects = {

/* Begin PBXBuildFile section */
		E35DD1A816BF755100D2E4C8 /* CXFacebookAlbumPickerController.m in Sources */ = {isa = PBXBuildFile; fileRef = E35DD1A616BF749800D2E4C8 /* CXFacebookAlbumPickerController.m */; };
		E35DD1AB16BF877000D2E4C8 /* CXFacebookFriendsViewController.m in Sources */ = {isa = PBXBuildFile; fileRef = E35DD1AA16BF877000D2E4C8 /* CXFacebookFriendsViewController.m */; };
		E35DD1AE16BF8B7C00D2E4C8 /* CXFacebookNetworkViewController.m in Sources */ = {isa = PBXBuildFile; fileRef = E35DD1AD16BF8B7C00D2E4C8 /* CXFacebookNetworkViewController.m */; };
		E35DD1B716BFAF4D00D2E4C8 /* CropOverlayView.m in Sources */ = {isa = PBXBuildFile; fileRef = E35DD1B616BFAF4D00D2E4C8 /* CropOverlayView.m */; };
		E35DD1BC16BFB1CA00D2E4C8 /* README.markdown in Resources */ = {isa = PBXBuildFile; fileRef = E35DD1BB16BFB1CA00D2E4C8 /* README.markdown */; };
		E378528A16AF42C800BDEDAF /* UIKit.framework in Frameworks */ = {isa = PBXBuildFile; fileRef = E378528916AF42C800BDEDAF /* UIKit.framework */; };
		E378528C16AF42C800BDEDAF /* Foundation.framework in Frameworks */ = {isa = PBXBuildFile; fileRef = E378528B16AF42C800BDEDAF /* Foundation.framework */; };
		E378528E16AF42C800BDEDAF /* CoreGraphics.framework in Frameworks */ = {isa = PBXBuildFile; fileRef = E378528D16AF42C800BDEDAF /* CoreGraphics.framework */; };
		E380F73F16BF2CE2004AD057 /* CXFacebookPhotoGridTableViewCell.m in Sources */ = {isa = PBXBuildFile; fileRef = E380F73516BF2CE2004AD057 /* CXFacebookPhotoGridTableViewCell.m */; };
		E380F74016BF2CE2004AD057 /* CXFacebookPhotoGridViewController.m in Sources */ = {isa = PBXBuildFile; fileRef = E380F73716BF2CE2004AD057 /* CXFacebookPhotoGridViewController.m */; };
		E380F74116BF2CE2004AD057 /* CXFacebookImagePickerController.m in Sources */ = {isa = PBXBuildFile; fileRef = E380F73816BF2CE2004AD057 /* CXFacebookImagePickerController.m */; };
		E380F74216BF2CE2004AD057 /* AppDelegate.m in Sources */ = {isa = PBXBuildFile; fileRef = E380F73A16BF2CE2004AD057 /* AppDelegate.m */; };
		E380F7F116BF2D64004AD057 /* AFHTTPRequestOperation.m in Sources */ = {isa = PBXBuildFile; fileRef = E380F75516BF2D64004AD057 /* AFHTTPRequestOperation.m */; };
		E380F7F216BF2D64004AD057 /* AFImageRequestOperation.m in Sources */ = {isa = PBXBuildFile; fileRef = E380F75716BF2D64004AD057 /* AFImageRequestOperation.m */; };
		E380F7F316BF2D64004AD057 /* AFJSONRequestOperation.m in Sources */ = {isa = PBXBuildFile; fileRef = E380F75916BF2D64004AD057 /* AFJSONRequestOperation.m */; };
		E380F7F616BF2D64004AD057 /* AFURLConnectionOperation.m in Sources */ = {isa = PBXBuildFile; fileRef = E380F76016BF2D64004AD057 /* AFURLConnectionOperation.m */; };
		E380F7F816BF2D64004AD057 /* UIImageView+AFNetworking.m in Sources */ = {isa = PBXBuildFile; fileRef = E380F76416BF2D64004AD057 /* UIImageView+AFNetworking.m */; };
		E39990B916D993FE0041ACAC /* SystemConfiguration.framework in Frameworks */ = {isa = PBXBuildFile; fileRef = E39990B816D993FE0041ACAC /* SystemConfiguration.framework */; };
		E39990BB16D994020041ACAC /* MobileCoreServices.framework in Frameworks */ = {isa = PBXBuildFile; fileRef = E39990BA16D994020041ACAC /* MobileCoreServices.framework */; };
		E39990BD16D9963E0041ACAC /* Default-568h@2x.png in Resources */ = {isa = PBXBuildFile; fileRef = E39990BC16D9963E0041ACAC /* Default-568h@2x.png */; };
		E39990BF16D9A6910041ACAC /* FBAlbumPicker.bundle in Resources */ = {isa = PBXBuildFile; fileRef = E39990BE16D9A6910041ACAC /* FBAlbumPicker.bundle */; };
		E39990CE16D9CAE80041ACAC /* JSFacebook.m in Sources */ = {isa = PBXBuildFile; fileRef = E39990C816D9CAE80041ACAC /* JSFacebook.m */; };
		E39990CF16D9CAE80041ACAC /* NSDictionary+HTTPQueryString.m in Sources */ = {isa = PBXBuildFile; fileRef = E39990CB16D9CAE80041ACAC /* NSDictionary+HTTPQueryString.m */; };
		E39990D016D9CAE80041ACAC /* NSString+HTTPQueryString.m in Sources */ = {isa = PBXBuildFile; fileRef = E39990CC16D9CAE80041ACAC /* NSString+HTTPQueryString.m */; };
		E3CB88D816BF3D47009DEA96 /* CXEmptyView.m in Sources */ = {isa = PBXBuildFile; fileRef = E3CB88D716BF3D47009DEA96 /* CXEmptyView.m */; };
		E3CB88DF16BF5B5B009DEA96 /* CXLoginView.m in Sources */ = {isa = PBXBuildFile; fileRef = E3CB88DE16BF5B5B009DEA96 /* CXLoginView.m */; };
		E3EDDA6316BF3B66000E615C /* ImageCropView.m in Sources */ = {isa = PBXBuildFile; fileRef = E3EDDA5916BF3B65000E615C /* ImageCropView.m */; };
		E3EDDA6A16BF3B7B000E615C /* ImageCropViewController.m in Sources */ = {isa = PBXBuildFile; fileRef = E3EDDA6816BF3B7B000E615C /* ImageCropViewController.m */; };
		E3F313D016BF29C300297A84 /* main.m in Sources */ = {isa = PBXBuildFile; fileRef = E3F3FC3416BF29A500297A84 /* main.m */; };
		E3F313D116BF29C300297A84 /* CXLoadingView.m in Sources */ = {isa = PBXBuildFile; fileRef = E3F3FC3616BF29A500297A84 /* CXLoadingView.m */; };
/* End PBXBuildFile section */

/* Begin PBXFileReference section */
		E35DD1A516BF749800D2E4C8 /* CXFacebookAlbumPickerController.h */ = {isa = PBXFileReference; lastKnownFileType = sourcecode.c.h; path = CXFacebookAlbumPickerController.h; sourceTree = "<group>"; };
		E35DD1A616BF749800D2E4C8 /* CXFacebookAlbumPickerController.m */ = {isa = PBXFileReference; lastKnownFileType = sourcecode.c.objc; path = CXFacebookAlbumPickerController.m; sourceTree = "<group>"; };
		E35DD1A916BF877000D2E4C8 /* CXFacebookFriendsViewController.h */ = {isa = PBXFileReference; fileEncoding = 4; lastKnownFileType = sourcecode.c.h; path = CXFacebookFriendsViewController.h; sourceTree = "<group>"; };
		E35DD1AA16BF877000D2E4C8 /* CXFacebookFriendsViewController.m */ = {isa = PBXFileReference; fileEncoding = 4; lastKnownFileType = sourcecode.c.objc; path = CXFacebookFriendsViewController.m; sourceTree = "<group>"; };
		E35DD1AC16BF8B7C00D2E4C8 /* CXFacebookNetworkViewController.h */ = {isa = PBXFileReference; fileEncoding = 4; lastKnownFileType = sourcecode.c.h; path = CXFacebookNetworkViewController.h; sourceTree = "<group>"; };
		E35DD1AD16BF8B7C00D2E4C8 /* CXFacebookNetworkViewController.m */ = {isa = PBXFileReference; fileEncoding = 4; lastKnownFileType = sourcecode.c.objc; path = CXFacebookNetworkViewController.m; sourceTree = "<group>"; };
		E35DD1B516BFAF4D00D2E4C8 /* CropOverlayView.h */ = {isa = PBXFileReference; fileEncoding = 4; lastKnownFileType = sourcecode.c.h; path = CropOverlayView.h; sourceTree = "<group>"; };
		E35DD1B616BFAF4D00D2E4C8 /* CropOverlayView.m */ = {isa = PBXFileReference; fileEncoding = 4; lastKnownFileType = sourcecode.c.objc; path = CropOverlayView.m; sourceTree = "<group>"; };
		E35DD1BB16BFB1CA00D2E4C8 /* README.markdown */ = {isa = PBXFileReference; fileEncoding = 4; lastKnownFileType = text; path = README.markdown; sourceTree = "<group>"; };
		E378528516AF42C800BDEDAF /* FBAlbumPicker.app */ = {isa = PBXFileReference; explicitFileType = wrapper.application; includeInIndex = 0; path = FBAlbumPicker.app; sourceTree = BUILT_PRODUCTS_DIR; };
		E378528916AF42C800BDEDAF /* UIKit.framework */ = {isa = PBXFileReference; lastKnownFileType = wrapper.framework; name = UIKit.framework; path = System/Library/Frameworks/UIKit.framework; sourceTree = SDKROOT; };
		E378528B16AF42C800BDEDAF /* Foundation.framework */ = {isa = PBXFileReference; lastKnownFileType = wrapper.framework; name = Foundation.framework; path = System/Library/Frameworks/Foundation.framework; sourceTree = SDKROOT; };
		E378528D16AF42C800BDEDAF /* CoreGraphics.framework */ = {isa = PBXFileReference; lastKnownFileType = wrapper.framework; name = CoreGraphics.framework; path = System/Library/Frameworks/CoreGraphics.framework; sourceTree = SDKROOT; };
		E380F73516BF2CE2004AD057 /* CXFacebookPhotoGridTableViewCell.m */ = {isa = PBXFileReference; fileEncoding = 4; lastKnownFileType = sourcecode.c.objc; path = CXFacebookPhotoGridTableViewCell.m; sourceTree = "<group>"; };
		E380F73616BF2CE2004AD057 /* CXFacebookPhotoGridViewController.h */ = {isa = PBXFileReference; fileEncoding = 4; lastKnownFileType = sourcecode.c.h; path = CXFacebookPhotoGridViewController.h; sourceTree = "<group>"; };
		E380F73716BF2CE2004AD057 /* CXFacebookPhotoGridViewController.m */ = {isa = PBXFileReference; fileEncoding = 4; lastKnownFileType = sourcecode.c.objc; path = CXFacebookPhotoGridViewController.m; sourceTree = "<group>"; };
		E380F73816BF2CE2004AD057 /* CXFacebookImagePickerController.m */ = {isa = PBXFileReference; fileEncoding = 4; lastKnownFileType = sourcecode.c.objc; path = CXFacebookImagePickerController.m; sourceTree = "<group>"; };
		E380F73916BF2CE2004AD057 /* CXFacebookPhotoGridTableViewCell.h */ = {isa = PBXFileReference; fileEncoding = 4; lastKnownFileType = sourcecode.c.h; path = CXFacebookPhotoGridTableViewCell.h; sourceTree = "<group>"; };
		E380F73A16BF2CE2004AD057 /* AppDelegate.m */ = {isa = PBXFileReference; fileEncoding = 4; lastKnownFileType = sourcecode.c.objc; name = AppDelegate.m; path = FBAlbumPicker/AppDelegate.m; sourceTree = "<group>"; };
		E380F73B16BF2CE2004AD057 /* CXFacebookImagePickerController.h */ = {isa = PBXFileReference; fileEncoding = 4; lastKnownFileType = sourcecode.c.h; path = CXFacebookImagePickerController.h; sourceTree = "<group>"; };
		E380F73C16BF2CE2004AD057 /* AppDelegate.h */ = {isa = PBXFileReference; fileEncoding = 4; lastKnownFileType = sourcecode.c.h; name = AppDelegate.h; path = FBAlbumPicker/AppDelegate.h; sourceTree = "<group>"; };
		E380F75416BF2D64004AD057 /* AFHTTPRequestOperation.h */ = {isa = PBXFileReference; fileEncoding = 4; lastKnownFileType = sourcecode.c.h; path = AFHTTPRequestOperation.h; sourceTree = "<group>"; };
		E380F75516BF2D64004AD057 /* AFHTTPRequestOperation.m */ = {isa = PBXFileReference; fileEncoding = 4; lastKnownFileType = sourcecode.c.objc; path = AFHTTPRequestOperation.m; sourceTree = "<group>"; };
		E380F75616BF2D64004AD057 /* AFImageRequestOperation.h */ = {isa = PBXFileReference; fileEncoding = 4; lastKnownFileType = sourcecode.c.h; path = AFImageRequestOperation.h; sourceTree = "<group>"; };
		E380F75716BF2D64004AD057 /* AFImageRequestOperation.m */ = {isa = PBXFileReference; fileEncoding = 4; lastKnownFileType = sourcecode.c.objc; path = AFImageRequestOperation.m; sourceTree = "<group>"; };
		E380F75816BF2D64004AD057 /* AFJSONRequestOperation.h */ = {isa = PBXFileReference; fileEncoding = 4; lastKnownFileType = sourcecode.c.h; path = AFJSONRequestOperation.h; sourceTree = "<group>"; };
		E380F75916BF2D64004AD057 /* AFJSONRequestOperation.m */ = {isa = PBXFileReference; fileEncoding = 4; lastKnownFileType = sourcecode.c.objc; path = AFJSONRequestOperation.m; sourceTree = "<group>"; };
		E380F75C16BF2D64004AD057 /* AFNetworking.h */ = {isa = PBXFileReference; fileEncoding = 4; lastKnownFileType = sourcecode.c.h; path = AFNetworking.h; sourceTree = "<group>"; };
		E380F75F16BF2D64004AD057 /* AFURLConnectionOperation.h */ = {isa = PBXFileReference; fileEncoding = 4; lastKnownFileType = sourcecode.c.h; path = AFURLConnectionOperation.h; sourceTree = "<group>"; };
		E380F76016BF2D64004AD057 /* AFURLConnectionOperation.m */ = {isa = PBXFileReference; fileEncoding = 4; lastKnownFileType = sourcecode.c.objc; path = AFURLConnectionOperation.m; sourceTree = "<group>"; };
		E380F76316BF2D64004AD057 /* UIImageView+AFNetworking.h */ = {isa = PBXFileReference; fileEncoding = 4; lastKnownFileType = sourcecode.c.h; path = "UIImageView+AFNetworking.h"; sourceTree = "<group>"; };
		E380F76416BF2D64004AD057 /* UIImageView+AFNetworking.m */ = {isa = PBXFileReference; fileEncoding = 4; lastKnownFileType = sourcecode.c.objc; path = "UIImageView+AFNetworking.m"; sourceTree = "<group>"; };
		E39990B816D993FE0041ACAC /* SystemConfiguration.framework */ = {isa = PBXFileReference; lastKnownFileType = wrapper.framework; name = SystemConfiguration.framework; path = System/Library/Frameworks/SystemConfiguration.framework; sourceTree = SDKROOT; };
		E39990BA16D994020041ACAC /* MobileCoreServices.framework */ = {isa = PBXFileReference; lastKnownFileType = wrapper.framework; name = MobileCoreServices.framework; path = System/Library/Frameworks/MobileCoreServices.framework; sourceTree = SDKROOT; };
		E39990BC16D9963E0041ACAC /* Default-568h@2x.png */ = {isa = PBXFileReference; lastKnownFileType = image.png; path = "Default-568h@2x.png"; sourceTree = "<group>"; };
		E39990BE16D9A6910041ACAC /* FBAlbumPicker.bundle */ = {isa = PBXFileReference; lastKnownFileType = "wrapper.plug-in"; path = FBAlbumPicker.bundle; sourceTree = "<group>"; };
		E39990C816D9CAE80041ACAC /* JSFacebook.m */ = {isa = PBXFileReference; fileEncoding = 4; lastKnownFileType = sourcecode.c.objc; path = JSFacebook.m; sourceTree = "<group>"; };
		E39990C916D9CAE80041ACAC /* JSFacebook.h */ = {isa = PBXFileReference; fileEncoding = 4; lastKnownFileType = sourcecode.c.h; path = JSFacebook.h; sourceTree = "<group>"; };
		E39990CA16D9CAE80041ACAC /* NSDictionary+HTTPQueryString.h */ = {isa = PBXFileReference; fileEncoding = 4; lastKnownFileType = sourcecode.c.h; path = "NSDictionary+HTTPQueryString.h"; sourceTree = "<group>"; };
		E39990CB16D9CAE80041ACAC /* NSDictionary+HTTPQueryString.m */ = {isa = PBXFileReference; fileEncoding = 4; lastKnownFileType = sourcecode.c.objc; path = "NSDictionary+HTTPQueryString.m"; sourceTree = "<group>"; };
		E39990CC16D9CAE80041ACAC /* NSString+HTTPQueryString.m */ = {isa = PBXFileReference; fileEncoding = 4; lastKnownFileType = sourcecode.c.objc; path = "NSString+HTTPQueryString.m"; sourceTree = "<group>"; };
		E39990CD16D9CAE80041ACAC /* NSString+HTTPQueryString.h */ = {isa = PBXFileReference; fileEncoding = 4; lastKnownFileType = sourcecode.c.h; path = "NSString+HTTPQueryString.h"; sourceTree = "<group>"; };
		E3CB88D616BF3D47009DEA96 /* CXEmptyView.h */ = {isa = PBXFileReference; fileEncoding = 4; lastKnownFileType = sourcecode.c.h; path = CXEmptyView.h; sourceTree = "<group>"; };
		E3CB88D716BF3D47009DEA96 /* CXEmptyView.m */ = {isa = PBXFileReference; fileEncoding = 4; lastKnownFileType = sourcecode.c.objc; path = CXEmptyView.m; sourceTree = "<group>"; };
		E3CB88DD16BF5B5A009DEA96 /* CXLoginView.h */ = {isa = PBXFileReference; fileEncoding = 4; lastKnownFileType = sourcecode.c.h; path = CXLoginView.h; sourceTree = "<group>"; };
		E3CB88DE16BF5B5B009DEA96 /* CXLoginView.m */ = {isa = PBXFileReference; fileEncoding = 4; lastKnownFileType = sourcecode.c.objc; path = CXLoginView.m; sourceTree = "<group>"; };
		E3EDDA5916BF3B65000E615C /* ImageCropView.m */ = {isa = PBXFileReference; fileEncoding = 4; lastKnownFileType = sourcecode.c.objc; path = ImageCropView.m; sourceTree = "<group>"; };
		E3EDDA5B16BF3B65000E615C /* ImageCropViewController.h */ = {isa = PBXFileReference; fileEncoding = 4; lastKnownFileType = sourcecode.c.h; path = ImageCropViewController.h; sourceTree = "<group>"; };
		E3EDDA6816BF3B7B000E615C /* ImageCropViewController.m */ = {isa = PBXFileReference; fileEncoding = 4; lastKnownFileType = sourcecode.c.objc; path = ImageCropViewController.m; sourceTree = "<group>"; };
		E3EDDA6916BF3B7B000E615C /* ImageCropView.h */ = {isa = PBXFileReference; fileEncoding = 4; lastKnownFileType = sourcecode.c.h; path = ImageCropView.h; sourceTree = "<group>"; };
		E3F3FC3116BF29A500297A84 /* FBAlbumPicker-Info.plist */ = {isa = PBXFileReference; fileEncoding = 4; lastKnownFileType = text.plist.xml; name = "FBAlbumPicker-Info.plist"; path = "FBAlbumPicker/FBAlbumPicker-Info.plist"; sourceTree = "<group>"; };
		E3F3FC3216BF29A500297A84 /* FBAlbumPicker-Prefix.pch */ = {isa = PBXFileReference; fileEncoding = 4; lastKnownFileType = sourcecode.c.h; name = "FBAlbumPicker-Prefix.pch"; path = "FBAlbumPicker/FBAlbumPicker-Prefix.pch"; sourceTree = "<group>"; };
		E3F3FC3416BF29A500297A84 /* main.m */ = {isa = PBXFileReference; fileEncoding = 4; lastKnownFileType = sourcecode.c.objc; name = main.m; path = FBAlbumPicker/main.m; sourceTree = "<group>"; };
		E3F3FC3516BF29A500297A84 /* CXLoadingView.h */ = {isa = PBXFileReference; fileEncoding = 4; lastKnownFileType = sourcecode.c.h; path = CXLoadingView.h; sourceTree = "<group>"; };
		E3F3FC3616BF29A500297A84 /* CXLoadingView.m */ = {isa = PBXFileReference; fileEncoding = 4; lastKnownFileType = sourcecode.c.objc; path = CXLoadingView.m; sourceTree = "<group>"; };
/* End PBXFileReference section */

/* Begin PBXFrameworksBuildPhase section */
		E378528216AF42C800BDEDAF /* Frameworks */ = {
			isa = PBXFrameworksBuildPhase;
			buildActionMask = 2147483647;
			files = (
				E39990BB16D994020041ACAC /* MobileCoreServices.framework in Frameworks */,
				E39990B916D993FE0041ACAC /* SystemConfiguration.framework in Frameworks */,
				E378528A16AF42C800BDEDAF /* UIKit.framework in Frameworks */,
				E378528C16AF42C800BDEDAF /* Foundation.framework in Frameworks */,
				E378528E16AF42C800BDEDAF /* CoreGraphics.framework in Frameworks */,
			);
			runOnlyForDeploymentPostprocessing = 0;
		};
/* End PBXFrameworksBuildPhase section */

/* Begin PBXGroup section */
		E35DD1AF16BF905800D2E4C8 /* Internal View Controllers */ = {
			isa = PBXGroup;
			children = (
				E35DD1AC16BF8B7C00D2E4C8 /* CXFacebookNetworkViewController.h */,
				E35DD1AD16BF8B7C00D2E4C8 /* CXFacebookNetworkViewController.m */,
				E35DD1A516BF749800D2E4C8 /* CXFacebookAlbumPickerController.h */,
				E35DD1A616BF749800D2E4C8 /* CXFacebookAlbumPickerController.m */,
				E380F73616BF2CE2004AD057 /* CXFacebookPhotoGridViewController.h */,
				E380F73716BF2CE2004AD057 /* CXFacebookPhotoGridViewController.m */,
				E35DD1A916BF877000D2E4C8 /* CXFacebookFriendsViewController.h */,
				E35DD1AA16BF877000D2E4C8 /* CXFacebookFriendsViewController.m */,
			);
			name = "Internal View Controllers";
			sourceTree = "<group>";
		};
		E35DD1B816BFAFFA00D2E4C8 /* Cropping */ = {
			isa = PBXGroup;
			children = (
				E3EDDA6916BF3B7B000E615C /* ImageCropView.h */,
				E3EDDA5916BF3B65000E615C /* ImageCropView.m */,
				E3EDDA5B16BF3B65000E615C /* ImageCropViewController.h */,
				E3EDDA6816BF3B7B000E615C /* ImageCropViewController.m */,
				E35DD1B516BFAF4D00D2E4C8 /* CropOverlayView.h */,
				E35DD1B616BFAF4D00D2E4C8 /* CropOverlayView.m */,
			);
			name = Cropping;
			sourceTree = "<group>";
		};
		E35DD1B916BFB09C00D2E4C8 /* Demo */ = {
			isa = PBXGroup;
			children = (
				E39990C516D9C81C0041ACAC /* Source */,
				E39990C416D9C8100041ACAC /* Resources */,
			);
			name = Demo;
			sourceTree = "<group>";
		};
		E35DD1BA16BFB0DA00D2E4C8 /* Custom Views and Cells */ = {
			isa = PBXGroup;
			children = (
				E3F3FC3516BF29A500297A84 /* CXLoadingView.h */,
				E3F3FC3616BF29A500297A84 /* CXLoadingView.m */,
				E3CB88D616BF3D47009DEA96 /* CXEmptyView.h */,
				E3CB88D716BF3D47009DEA96 /* CXEmptyView.m */,
				E3CB88DD16BF5B5A009DEA96 /* CXLoginView.h */,
				E3CB88DE16BF5B5B009DEA96 /* CXLoginView.m */,
				E380F73516BF2CE2004AD057 /* CXFacebookPhotoGridTableViewCell.m */,
				E380F73916BF2CE2004AD057 /* CXFacebookPhotoGridTableViewCell.h */,
			);
			name = "Custom Views and Cells";
			sourceTree = "<group>";
		};
		E378527A16AF42C800BDEDAF = {
			isa = PBXGroup;
			children = (
				E35DD1BB16BFB1CA00D2E4C8 /* README.markdown */,
				E3F3D60016BF29A000297A84 /* FBAlbumPicker */,
				E35DD1B916BFB09C00D2E4C8 /* Demo */,
				E378528816AF42C800BDEDAF /* Frameworks */,
				E378528616AF42C800BDEDAF /* Products */,
			);
			sourceTree = "<group>";
		};
		E378528616AF42C800BDEDAF /* Products */ = {
			isa = PBXGroup;
			children = (
				E378528516AF42C800BDEDAF /* FBAlbumPicker.app */,
			);
			name = Products;
			sourceTree = "<group>";
		};
		E378528816AF42C800BDEDAF /* Frameworks */ = {
			isa = PBXGroup;
			children = (
				E39990BA16D994020041ACAC /* MobileCoreServices.framework */,
				E39990B816D993FE0041ACAC /* SystemConfiguration.framework */,
				E378528916AF42C800BDEDAF /* UIKit.framework */,
				E378528B16AF42C800BDEDAF /* Foundation.framework */,
				E378528D16AF42C800BDEDAF /* CoreGraphics.framework */,
			);
			name = Frameworks;
			sourceTree = "<group>";
		};
		E380F74E16BF2D64004AD057 /* External */ = {
			isa = PBXGroup;
			children = (
				E380F74F16BF2D64004AD057 /* AFNetworking */,
			);
			name = External;
			path = ../External;
			sourceTree = "<group>";
		};
		E380F74F16BF2D64004AD057 /* AFNetworking */ = {
			isa = PBXGroup;
			children = (
				E380F75116BF2D64004AD057 /* AFNetworking */,
			);
			path = AFNetworking;
			sourceTree = "<group>";
		};
		E380F75116BF2D64004AD057 /* AFNetworking */ = {
			isa = PBXGroup;
			children = (
				E380F75C16BF2D64004AD057 /* AFNetworking.h */,
				E380F75416BF2D64004AD057 /* AFHTTPRequestOperation.h */,
				E380F75516BF2D64004AD057 /* AFHTTPRequestOperation.m */,
				E380F75616BF2D64004AD057 /* AFImageRequestOperation.h */,
				E380F75716BF2D64004AD057 /* AFImageRequestOperation.m */,
				E380F75816BF2D64004AD057 /* AFJSONRequestOperation.h */,
				E380F75916BF2D64004AD057 /* AFJSONRequestOperation.m */,
				E380F75F16BF2D64004AD057 /* AFURLConnectionOperation.h */,
				E380F76016BF2D64004AD057 /* AFURLConnectionOperation.m */,
				E380F76316BF2D64004AD057 /* UIImageView+AFNetworking.h */,
				E380F76416BF2D64004AD057 /* UIImageView+AFNetworking.m */,
			);
			path = AFNetworking;
			sourceTree = "<group>";
		};
		E39990C016D9BE350041ACAC /* Facebook Auth */ = {
			isa = PBXGroup;
			children = (
				E39990C816D9CAE80041ACAC /* JSFacebook.m */,
				E39990C916D9CAE80041ACAC /* JSFacebook.h */,
				E39990CA16D9CAE80041ACAC /* NSDictionary+HTTPQueryString.h */,
				E39990CB16D9CAE80041ACAC /* NSDictionary+HTTPQueryString.m */,
				E39990CC16D9CAE80041ACAC /* NSString+HTTPQueryString.m */,
				E39990CD16D9CAE80041ACAC /* NSString+HTTPQueryString.h */,
			);
			name = "Facebook Auth";
			sourceTree = "<group>";
		};
		E39990C416D9C8100041ACAC /* Resources */ = {
			isa = PBXGroup;
			children = (
				E39990BC16D9963E0041ACAC /* Default-568h@2x.png */,
				E3F3FC3116BF29A500297A84 /* FBAlbumPicker-Info.plist */,
			);
			name = Resources;
			sourceTree = "<group>";
		};
		E39990C516D9C81C0041ACAC /* Source */ = {
			isa = PBXGroup;
			children = (
				E3F3FC3216BF29A500297A84 /* FBAlbumPicker-Prefix.pch */,
				E3F3FC3416BF29A500297A84 /* main.m */,
				E380F73C16BF2CE2004AD057 /* AppDelegate.h */,
				E380F73A16BF2CE2004AD057 /* AppDelegate.m */,
			);
			name = Source;
			sourceTree = "<group>";
		};
		E39990C616D9C8C80041ACAC /* Source */ = {
			isa = PBXGroup;
			children = (
				E380F73816BF2CE2004AD057 /* CXFacebookImagePickerController.m */,
				E39990C016D9BE350041ACAC /* Facebook Auth */,
				E35DD1BA16BFB0DA00D2E4C8 /* Custom Views and Cells */,
				E35DD1AF16BF905800D2E4C8 /* Internal View Controllers */,
				E35DD1B816BFAFFA00D2E4C8 /* Cropping */,
			);
			name = Source;
			sourceTree = "<group>";
		};
		E39990C716D9C8F70041ACAC /* Public */ = {
			isa = PBXGroup;
			children = (
				E380F73B16BF2CE2004AD057 /* CXFacebookImagePickerController.h */,
				E39990BE16D9A6910041ACAC /* FBAlbumPicker.bundle */,
			);
			name = Public;
			sourceTree = "<group>";
		};
		E3F3D60016BF29A000297A84 /* FBAlbumPicker */ = {
			isa = PBXGroup;
			children = (
				E39990C716D9C8F70041ACAC /* Public */,
				E39990C616D9C8C80041ACAC /* Source */,
				E380F74E16BF2D64004AD057 /* External */,
			);
			path = FBAlbumPicker;
			sourceTree = "<group>";
		};
/* End PBXGroup section */

/* Begin PBXNativeTarget section */
		E378528416AF42C800BDEDAF /* FBAlbumPicker */ = {
			isa = PBXNativeTarget;
			buildConfigurationList = E37852A316AF42C800BDEDAF /* Build configuration list for PBXNativeTarget "FBAlbumPicker" */;
			buildPhases = (
				E378528116AF42C800BDEDAF /* Sources */,
				E378528216AF42C800BDEDAF /* Frameworks */,
				E378528316AF42C800BDEDAF /* Resources */,
			);
			buildRules = (
			);
			dependencies = (
			);
			name = FBAlbumPicker;
			productName = FBAlbumPicker;
			productReference = E378528516AF42C800BDEDAF /* FBAlbumPicker.app */;
			productType = "com.apple.product-type.application";
		};
/* End PBXNativeTarget section */

/* Begin PBXProject section */
		E378527C16AF42C800BDEDAF /* Project object */ = {
			isa = PBXProject;
			attributes = {
				CLASSPREFIX = CX;
				LastUpgradeCheck = 0450;
				ORGANIZATIONNAME = "Brad Smith";
			};
			buildConfigurationList = E378527F16AF42C800BDEDAF /* Build configuration list for PBXProject "FBAlbumPicker" */;
			compatibilityVersion = "Xcode 3.2";
			developmentRegion = English;
			hasScannedForEncodings = 0;
			knownRegions = (
				en,
			);
			mainGroup = E378527A16AF42C800BDEDAF;
			productRefGroup = E378528616AF42C800BDEDAF /* Products */;
			projectDirPath = "";
			projectRoot = "";
			targets = (
				E378528416AF42C800BDEDAF /* FBAlbumPicker */,
			);
		};
/* End PBXProject section */

/* Begin PBXResourcesBuildPhase section */
		E378528316AF42C800BDEDAF /* Resources */ = {
			isa = PBXResourcesBuildPhase;
			buildActionMask = 2147483647;
			files = (
				E35DD1BC16BFB1CA00D2E4C8 /* README.markdown in Resources */,
				E39990BD16D9963E0041ACAC /* Default-568h@2x.png in Resources */,
				E39990BF16D9A6910041ACAC /* FBAlbumPicker.bundle in Resources */,
			);
			runOnlyForDeploymentPostprocessing = 0;
		};
/* End PBXResourcesBuildPhase section */

/* Begin PBXSourcesBuildPhase section */
		E378528116AF42C800BDEDAF /* Sources */ = {
			isa = PBXSourcesBuildPhase;
			buildActionMask = 2147483647;
			files = (
				E3F313D016BF29C300297A84 /* main.m in Sources */,
				E3F313D116BF29C300297A84 /* CXLoadingView.m in Sources */,
				E380F73F16BF2CE2004AD057 /* CXFacebookPhotoGridTableViewCell.m in Sources */,
				E380F74016BF2CE2004AD057 /* CXFacebookPhotoGridViewController.m in Sources */,
				E380F74116BF2CE2004AD057 /* CXFacebookImagePickerController.m in Sources */,
				E380F74216BF2CE2004AD057 /* AppDelegate.m in Sources */,
				E380F7F116BF2D64004AD057 /* AFHTTPRequestOperation.m in Sources */,
				E380F7F216BF2D64004AD057 /* AFImageRequestOperation.m in Sources */,
				E380F7F316BF2D64004AD057 /* AFJSONRequestOperation.m in Sources */,
				E380F7F616BF2D64004AD057 /* AFURLConnectionOperation.m in Sources */,
				E380F7F816BF2D64004AD057 /* UIImageView+AFNetworking.m in Sources */,
				E3EDDA6316BF3B66000E615C /* ImageCropView.m in Sources */,
				E3EDDA6A16BF3B7B000E615C /* ImageCropViewController.m in Sources */,
				E3CB88D816BF3D47009DEA96 /* CXEmptyView.m in Sources */,
				E3CB88DF16BF5B5B009DEA96 /* CXLoginView.m in Sources */,
				E35DD1A816BF755100D2E4C8 /* CXFacebookAlbumPickerController.m in Sources */,
				E35DD1AB16BF877000D2E4C8 /* CXFacebookFriendsViewController.m in Sources */,
				E35DD1AE16BF8B7C00D2E4C8 /* CXFacebookNetworkViewController.m in Sources */,
				E35DD1B716BFAF4D00D2E4C8 /* CropOverlayView.m in Sources */,
				E39990CE16D9CAE80041ACAC /* JSFacebook.m in Sources */,
				E39990CF16D9CAE80041ACAC /* NSDictionary+HTTPQueryString.m in Sources */,
				E39990D016D9CAE80041ACAC /* NSString+HTTPQueryString.m in Sources */,
			);
			runOnlyForDeploymentPostprocessing = 0;
		};
/* End PBXSourcesBuildPhase section */

/* Begin XCBuildConfiguration section */
		E37852A116AF42C800BDEDAF /* Debug */ = {
			isa = XCBuildConfiguration;
			buildSettings = {
				ALWAYS_SEARCH_USER_PATHS = NO;
				CLANG_CXX_LANGUAGE_STANDARD = "gnu++0x";
				CLANG_CXX_LIBRARY = "libc++";
				CLANG_WARN_EMPTY_BODY = YES;
				CLANG_WARN__DUPLICATE_METHOD_MATCH = YES;
				"CODE_SIGN_IDENTITY[sdk=iphoneos*]" = "iPhone Developer";
				COPY_PHASE_STRIP = NO;
				GCC_C_LANGUAGE_STANDARD = gnu99;
				GCC_DYNAMIC_NO_PIC = NO;
				GCC_OPTIMIZATION_LEVEL = 0;
				GCC_PREPROCESSOR_DEFINITIONS = (
					"DEBUG=1",
					"$(inherited)",
				);
				GCC_SYMBOLS_PRIVATE_EXTERN = NO;
				GCC_WARN_ABOUT_RETURN_TYPE = YES;
				GCC_WARN_UNINITIALIZED_AUTOS = YES;
				GCC_WARN_UNUSED_VARIABLE = YES;
				IPHONEOS_DEPLOYMENT_TARGET = 6.0;
				ONLY_ACTIVE_ARCH = YES;
				SDKROOT = iphoneos;
			};
			name = Debug;
		};
		E37852A216AF42C800BDEDAF /* Release */ = {
			isa = XCBuildConfiguration;
			buildSettings = {
				ALWAYS_SEARCH_USER_PATHS = NO;
				CLANG_CXX_LANGUAGE_STANDARD = "gnu++0x";
				CLANG_CXX_LIBRARY = "libc++";
				CLANG_WARN_EMPTY_BODY = YES;
				CLANG_WARN__DUPLICATE_METHOD_MATCH = YES;
				"CODE_SIGN_IDENTITY[sdk=iphoneos*]" = "iPhone Developer";
				COPY_PHASE_STRIP = YES;
				GCC_C_LANGUAGE_STANDARD = gnu99;
				GCC_WARN_ABOUT_RETURN_TYPE = YES;
				GCC_WARN_UNINITIALIZED_AUTOS = YES;
				GCC_WARN_UNUSED_VARIABLE = YES;
				IPHONEOS_DEPLOYMENT_TARGET = 6.0;
				OTHER_CFLAGS = "-DNS_BLOCK_ASSERTIONS=1";
				SDKROOT = iphoneos;
				VALIDATE_PRODUCT = YES;
			};
			name = Release;
		};
		E37852A416AF42C800BDEDAF /* Debug */ = {
			isa = XCBuildConfiguration;
			buildSettings = {
				CLANG_ENABLE_OBJC_ARC = YES;
				GCC_PRECOMPILE_PREFIX_HEADER = YES;
				GCC_PREFIX_HEADER = "FBAlbumPicker/FBAlbumPicker-Prefix.pch";
				INFOPLIST_FILE = "FBAlbumPicker/FBAlbumPicker-Info.plist";
				PRODUCT_NAME = "$(TARGET_NAME)";
				WRAPPER_EXTENSION = app;
			};
			name = Debug;
		};
		E37852A516AF42C800BDEDAF /* Release */ = {
			isa = XCBuildConfiguration;
			buildSettings = {
				CLANG_ENABLE_OBJC_ARC = YES;
				GCC_PRECOMPILE_PREFIX_HEADER = YES;
				GCC_PREFIX_HEADER = "FBAlbumPicker/FBAlbumPicker-Prefix.pch";
				INFOPLIST_FILE = "FBAlbumPicker/FBAlbumPicker-Info.plist";
				PRODUCT_NAME = "$(TARGET_NAME)";
				WRAPPER_EXTENSION = app;
			};
			name = Release;
		};
/* End XCBuildConfiguration section */

/* Begin XCConfigurationList section */
		E378527F16AF42C800BDEDAF /* Build configuration list for PBXProject "FBAlbumPicker" */ = {
			isa = XCConfigurationList;
			buildConfigurations = (
				E37852A116AF42C800BDEDAF /* Debug */,
				E37852A216AF42C800BDEDAF /* Release */,
			);
			defaultConfigurationIsVisible = 0;
			defaultConfigurationName = Release;
		};
		E37852A316AF42C800BDEDAF /* Build configuration list for PBXNativeTarget "FBAlbumPicker" */ = {
			isa = XCConfigurationList;
			buildConfigurations = (
				E37852A416AF42C800BDEDAF /* Debug */,
				E37852A516AF42C800BDEDAF /* Release */,
			);
			defaultConfigurationIsVisible = 0;
			defaultConfigurationName = Release;
		};
/* End XCConfigurationList section */
	};
	rootObject = E378527C16AF42C800BDEDAF /* Project object */;
}
